
Microsoft Visual Studio Solution File, Format Version 12.00
# Visual Studio 2013
VisualStudioVersion = 12.0.40629.0
MinimumVisualStudioVersion = 10.0.40219.1
Project("{8BC9CEB8-8B4A-11D0-8D11-00A0C91BC942}") = "sender", "sender\sender.vcxproj", "{BD502690-DA07-4343-A86D-CDEA222BD55D}"
EndProject
Project("{8BC9CEB8-8B4A-11D0-8D11-00A0C91BC942}") = "receiver", "receiver\receiver.vcxproj", "{5EB6522E-B7C7-4386-B4B8-01438D49BF20}"
EndProject
Project("{8BC9CEB8-8B4A-11D0-8D11-00A0C91BC942}") = "channel", "channel\channel.vcxproj", "{27D1C80C-B65A-4561-A9F7-E690C0ED9F1E}"
EndProject
Global
	GlobalSection(SolutionConfigurationPlatforms) = preSolution
		Debug|Win32 = Debug|Win32
		Release|Win32 = Release|Win32
	EndGlobalSection
	GlobalSection(ProjectConfigurationPlatforms) = postSolution
		{BD502690-DA07-4343-A86D-CDEA222BD55D}.Debug|Win32.ActiveCfg = Debug|Win32
		{BD502690-DA07-4343-A86D-CDEA222BD55D}.Debug|Win32.Build.0 = Debug|Win32
		{BD502690-DA07-4343-A86D-CDEA222BD55D}.Release|Win32.ActiveCfg = Release|Win32
		{BD502690-DA07-4343-A86D-CDEA222BD55D}.Release|Win32.Build.0 = Release|Win32
		{5EB6522E-B7C7-4386-B4B8-01438D49BF20}.Debug|Win32.ActiveCfg = Debug|Win32
		{5EB6522E-B7C7-4386-B4B8-01438D49BF20}.Debug|Win32.Build.0 = Debug|Win32
		{5EB6522E-B7C7-4386-B4B8-01438D49BF20}.Release|Win32.ActiveCfg = Release|Win32
		{5EB6522E-B7C7-4386-B4B8-01438D49BF20}.Release|Win32.Build.0 = Release|Win32
		{27D1C80C-B65A-4561-A9F7-E690C0ED9F1E}.Debug|Win32.ActiveCfg = Debug|Win32
		{27D1C80C-B65A-4561-A9F7-E690C0ED9F1E}.Debug|Win32.Build.0 = Debug|Win32
		{27D1C80C-B65A-4561-A9F7-E690C0ED9F1E}.Release|Win32.ActiveCfg = Release|Win32
		{27D1C80C-B65A-4561-A9F7-E690C0ED9F1E}.Release|Win32.Build.0 = Release|Win32
	EndGlobalSection
	GlobalSection(SolutionProperties) = preSolution
		HideSolutionNode = FALSE
	EndGlobalSection
EndGlobal
